
Microsoft Visual Studio Solution File, Format Version 12.00
# Visual Studio Version 16
VisualStudioVersion = 16.0.30114.105
MinimumVisualStudioVersion = 10.0.40219.1
Project("{FAE04EC0-301F-11D3-BF4B-00C04F79EFBC}") = "API", "API\API.csproj", "{46A55810-E6F1-40CD-A4D4-6C10E8308632}"
EndProject
Project("{FAE04EC0-301F-11D3-BF4B-00C04F79EFBC}") = "Application", "Application\Application.csproj", "{8E57AF6A-D53A-461A-B6A1-A7B91E346D58}"
EndProject
Project("{FAE04EC0-301F-11D3-BF4B-00C04F79EFBC}") = "Persistence", "Persistence\Persistence.csproj", "{3015F719-853B-4841-B7E5-E014E2B064EC}"
EndProject
Project("{FAE04EC0-301F-11D3-BF4B-00C04F79EFBC}") = "Domain", "Domain\Domain.csproj", "{7D407445-D78C-4B55-9041-BA0B94F8F369}"
EndProject
Global
	GlobalSection(SolutionConfigurationPlatforms) = preSolution
		Debug|Any CPU = Debug|Any CPU
		Debug|x64 = Debug|x64
		Debug|x86 = Debug|x86
		Release|Any CPU = Release|Any CPU
		Release|x64 = Release|x64
		Release|x86 = Release|x86
	EndGlobalSection
	GlobalSection(SolutionProperties) = preSolution
		HideSolutionNode = FALSE
	EndGlobalSection
	GlobalSection(ProjectConfigurationPlatforms) = postSolution
		{46A55810-E6F1-40CD-A4D4-6C10E8308632}.Debug|Any CPU.ActiveCfg = Debug|Any CPU
		{46A55810-E6F1-40CD-A4D4-6C10E8308632}.Debug|Any CPU.Build.0 = Debug|Any CPU
		{46A55810-E6F1-40CD-A4D4-6C10E8308632}.Debug|x64.ActiveCfg = Debug|Any CPU
		{46A55810-E6F1-40CD-A4D4-6C10E8308632}.Debug|x64.Build.0 = Debug|Any CPU
		{46A55810-E6F1-40CD-A4D4-6C10E8308632}.Debug|x86.ActiveCfg = Debug|Any CPU
		{46A55810-E6F1-40CD-A4D4-6C10E8308632}.Debug|x86.Build.0 = Debug|Any CPU
		{46A55810-E6F1-40CD-A4D4-6C10E8308632}.Release|Any CPU.ActiveCfg = Release|Any CPU
		{46A55810-E6F1-40CD-A4D4-6C10E8308632}.Release|Any CPU.Build.0 = Release|Any CPU
		{46A55810-E6F1-40CD-A4D4-6C10E8308632}.Release|x64.ActiveCfg = Release|Any CPU
		{46A55810-E6F1-40CD-A4D4-6C10E8308632}.Release|x64.Build.0 = Release|Any CPU
		{46A55810-E6F1-40CD-A4D4-6C10E8308632}.Release|x86.ActiveCfg = Release|Any CPU
		{46A55810-E6F1-40CD-A4D4-6C10E8308632}.Release|x86.Build.0 = Release|Any CPU
		{8E57AF6A-D53A-461A-B6A1-A7B91E346D58}.Debug|Any CPU.ActiveCfg = Debug|Any CPU
		{8E57AF6A-D53A-461A-B6A1-A7B91E346D58}.Debug|Any CPU.Build.0 = Debug|Any CPU
		{8E57AF6A-D53A-461A-B6A1-A7B91E346D58}.Debug|x64.ActiveCfg = Debug|Any CPU
		{8E57AF6A-D53A-461A-B6A1-A7B91E346D58}.Debug|x64.Build.0 = Debug|Any CPU
		{8E57AF6A-D53A-461A-B6A1-A7B91E346D58}.Debug|x86.ActiveCfg = Debug|Any CPU
		{8E57AF6A-D53A-461A-B6A1-A7B91E346D58}.Debug|x86.Build.0 = Debug|Any CPU
		{8E57AF6A-D53A-461A-B6A1-A7B91E346D58}.Release|Any CPU.ActiveCfg = Release|Any CPU
		{8E57AF6A-D53A-461A-B6A1-A7B91E346D58}.Release|Any CPU.Build.0 = Release|Any CPU
		{8E57AF6A-D53A-461A-B6A1-A7B91E346D58}.Release|x64.ActiveCfg = Release|Any CPU
		{8E57AF6A-D53A-461A-B6A1-A7B91E346D58}.Release|x64.Build.0 = Release|Any CPU
		{8E57AF6A-D53A-461A-B6A1-A7B91E346D58}.Release|x86.ActiveCfg = Release|Any CPU
		{8E57AF6A-D53A-461A-B6A1-A7B91E346D58}.Release|x86.Build.0 = Release|Any CPU
		{3015F719-853B-4841-B7E5-E014E2B064EC}.Debug|Any CPU.ActiveCfg = Debug|Any CPU
		{3015F719-853B-4841-B7E5-E014E2B064EC}.Debug|Any CPU.Build.0 = Debug|Any CPU
		{3015F719-853B-4841-B7E5-E014E2B064EC}.Debug|x64.ActiveCfg = Debug|Any CPU
		{3015F719-853B-4841-B7E5-E014E2B064EC}.Debug|x64.Build.0 = Debug|Any CPU
		{3015F719-853B-4841-B7E5-E014E2B064EC}.Debug|x86.ActiveCfg = Debug|Any CPU
		{3015F719-853B-4841-B7E5-E014E2B064EC}.Debug|x86.Build.0 = Debug|Any CPU
		{3015F719-853B-4841-B7E5-E014E2B064EC}.Release|Any CPU.ActiveCfg = Release|Any CPU
		{3015F719-853B-4841-B7E5-E014E2B064EC}.Release|Any CPU.Build.0 = Release|Any CPU
		{3015F719-853B-4841-B7E5-E014E2B064EC}.Release|x64.ActiveCfg = Release|Any CPU
		{3015F719-853B-4841-B7E5-E014E2B064EC}.Release|x64.Build.0 = Release|Any CPU
		{3015F719-853B-4841-B7E5-E014E2B064EC}.Release|x86.ActiveCfg = Release|Any CPU
		{3015F719-853B-4841-B7E5-E014E2B064EC}.Release|x86.Build.0 = Release|Any CPU
		{7D407445-D78C-4B55-9041-BA0B94F8F369}.Debug|Any CPU.ActiveCfg = Debug|Any CPU
		{7D407445-D78C-4B55-9041-BA0B94F8F369}.Debug|Any CPU.Build.0 = Debug|Any CPU
		{7D407445-D78C-4B55-9041-BA0B94F8F369}.Debug|x64.ActiveCfg = Debug|Any CPU
		{7D407445-D78C-4B55-9041-BA0B94F8F369}.Debug|x64.Build.0 = Debug|Any CPU
		{7D407445-D78C-4B55-9041-BA0B94F8F369}.Debug|x86.ActiveCfg = Debug|Any CPU
		{7D407445-D78C-4B55-9041-BA0B94F8F369}.Debug|x86.Build.0 = Debug|Any CPU
		{7D407445-D78C-4B55-9041-BA0B94F8F369}.Release|Any CPU.ActiveCfg = Release|Any CPU
		{7D407445-D78C-4B55-9041-BA0B94F8F369}.Release|Any CPU.Build.0 = Release|Any CPU
		{7D407445-D78C-4B55-9041-BA0B94F8F369}.Release|x64.ActiveCfg = Release|Any CPU
		{7D407445-D78C-4B55-9041-BA0B94F8F369}.Release|x64.Build.0 = Release|Any CPU
		{7D407445-D78C-4B55-9041-BA0B94F8F369}.Release|x86.ActiveCfg = Release|Any CPU
		{7D407445-D78C-4B55-9041-BA0B94F8F369}.Release|x86.Build.0 = Release|Any CPU
	EndGlobalSection
EndGlobal
